fyne.io/fyne/v2 v2.4.2 h1:bt6/p/FTpcv0sZIN6msxto32JvKkgwKe/LzYxqv//B8=
fyne.io/fyne/v2 v2.4.2/go.mod h1:1h3BKxmQYRJlr2g+RGVxedzr6vLVQ/AJmFWcF9CJnoQ=
github.com/davecgh/go-spew v1.1.1 h1:vj9j/u1bqnvCEfJOwUhtlOARqs3+rkHYY13jYWTU97c=
github.com/davecgh/go-spew v1.1.1/go.mod h1:J7Y8YcW2NihsgmVo/mv3lAwl/skON4iLHjSsI+c5H38=
github.com/google/uuid v1.6.0 h1:NIvaJDMOsjHA8n1jAhLSgzrAzy1Hgr+hNrb57e+94F0=
github.com/google/uuid v1.6.0/go.mod h1:TIyPZe4MgqvfeYDBFedMoGGpEw/LqOeaOT+nhxU+yHo=
github.com/pmezard/go-difflib v1.0.0 h1:4DBwDE0NGyQoBHbLQYPwSUPoCMWR5BEzIk/f1lZbAQM=
github.com/pmezard/go-difflib v1.0.0/go.mod h1:iKH77koFhYxTK1pcRnkKkqfTogsbg7gZNVY4sRDYZ/4=
github.com/stretchr/testify v1.8.4 h1:CcVxjf3Q8PM0mHUKJCdn+eZZtm5yQwehR5yeSVQQcUk=
github.com/stretchr/testify v1.8.4/go.mod h1:sz/lmYIOXD/1dqDmKjjqLyZ2RngseejIcXlSw2iwfAo=
github.com/zarkones/xena-client v0.3.9 h1:xI0K4UW7w2cS7BDTWlyHx/2Tp/feyeWjD47ZZXZ8Gl8=
github.com/zarkones/xena-client v0.3.9/go.mod h1:Frdjt4bb9FV5qw6LGzH0IwoIWY6H5maWSVqb4EkB8PE=
github.com/zarkones/xena-crypto v0.0.3 h1:XmjdxpiT555RaH+m1OU9CNK3ZPuDgI0Xttfp2GHLwFE=
github.com/zarkones/xena-crypto v0.0.3/go.mod h1:qVvUrKrnsHw9IpQ65K1EzCgOuGGP0xzT2V+WoQIErcw=
gopkg.in/yaml.v3 v3.0.1 h1:fxVm/GzAzEWqLHuvctI91KS9hhNmmWOoWu0XTYJS7CA=
gopkg.in/yaml.v3 v3.0.1/go.mod h1:K4uyk7z7BCEPqu6E+C64Yfv1cQ7kz7rIZviUmN+EgEM=
